
Microsoft Visual Studio Solution File, Format Version 12.00
# Visual Studio 14
VisualStudioVersion = 14.0.25420.1
MinimumVisualStudioVersion = 10.0.40219.1
Project("{FAE04EC0-301F-11D3-BF4B-00C04F79EFBC}") = "Data", "Data\Data.csproj", "{00AAF9D9-E83E-4B5B-946C-AF5890770891}"
EndProject
Project("{FAE04EC0-301F-11D3-BF4B-00C04F79EFBC}") = "ServicePattern", "ServicePattern\ServicePattern.csproj", "{9882FC0C-A9A4-46CD-A58A-4A461AFFE103}"
EndProject
Project("{FAE04EC0-301F-11D3-BF4B-00C04F79EFBC}") = "Domain", "Domain\Domain.csproj", "{56BFB00E-E10A-4BF6-B7A3-BE210F59DCB9}"
EndProject
Project("{FAE04EC0-301F-11D3-BF4B-00C04F79EFBC}") = "Service", "Service\Service.csproj", "{CFBEA1AF-A0E3-4BC7-9D8F-353A20257ED0}"
EndProject
Project("{FAE04EC0-301F-11D3-BF4B-00C04F79EFBC}") = "Presentation", "Presentation\Presentation.csproj", "{D73082DA-78C3-45FF-A358-7484F6A85244}"
EndProject
Global
	GlobalSection(SolutionConfigurationPlatforms) = preSolution
		Debug|Any CPU = Debug|Any CPU
		Release|Any CPU = Release|Any CPU
	EndGlobalSection
	GlobalSection(ProjectConfigurationPlatforms) = postSolution
		{00AAF9D9-E83E-4B5B-946C-AF5890770891}.Debug|Any CPU.ActiveCfg = Debug|Any CPU
		{00AAF9D9-E83E-4B5B-946C-AF5890770891}.Debug|Any CPU.Build.0 = Debug|Any CPU
		{00AAF9D9-E83E-4B5B-946C-AF5890770891}.Release|Any CPU.ActiveCfg = Release|Any CPU
		{00AAF9D9-E83E-4B5B-946C-AF5890770891}.Release|Any CPU.Build.0 = Release|Any CPU
		{9882FC0C-A9A4-46CD-A58A-4A461AFFE103}.Debug|Any CPU.ActiveCfg = Debug|Any CPU
		{9882FC0C-A9A4-46CD-A58A-4A461AFFE103}.Debug|Any CPU.Build.0 = Debug|Any CPU
		{9882FC0C-A9A4-46CD-A58A-4A461AFFE103}.Release|Any CPU.ActiveCfg = Release|Any CPU
		{9882FC0C-A9A4-46CD-A58A-4A461AFFE103}.Release|Any CPU.Build.0 = Release|Any CPU
		{56BFB00E-E10A-4BF6-B7A3-BE210F59DCB9}.Debug|Any CPU.ActiveCfg = Debug|Any CPU
		{56BFB00E-E10A-4BF6-B7A3-BE210F59DCB9}.Debug|Any CPU.Build.0 = Debug|Any CPU
		{56BFB00E-E10A-4BF6-B7A3-BE210F59DCB9}.Release|Any CPU.ActiveCfg = Release|Any CPU
		{56BFB00E-E10A-4BF6-B7A3-BE210F59DCB9}.Release|Any CPU.Build.0 = Release|Any CPU
		{CFBEA1AF-A0E3-4BC7-9D8F-353A20257ED0}.Debug|Any CPU.ActiveCfg = Debug|Any CPU
		{CFBEA1AF-A0E3-4BC7-9D8F-353A20257ED0}.Debug|Any CPU.Build.0 = Debug|Any CPU
		{CFBEA1AF-A0E3-4BC7-9D8F-353A20257ED0}.Release|Any CPU.ActiveCfg = Release|Any CPU
		{CFBEA1AF-A0E3-4BC7-9D8F-353A20257ED0}.Release|Any CPU.Build.0 = Release|Any CPU
		{D73082DA-78C3-45FF-A358-7484F6A85244}.Debug|Any CPU.ActiveCfg = Debug|Any CPU
		{D73082DA-78C3-45FF-A358-7484F6A85244}.Debug|Any CPU.Build.0 = Debug|Any CPU
		{D73082DA-78C3-45FF-A358-7484F6A85244}.Release|Any CPU.ActiveCfg = Release|Any CPU
		{D73082DA-78C3-45FF-A358-7484F6A85244}.Release|Any CPU.Build.0 = Release|Any CPU
	EndGlobalSection
	GlobalSection(SolutionProperties) = preSolution
		HideSolutionNode = FALSE
	EndGlobalSection
EndGlobal
